
Microsoft Visual Studio Solution File, Format Version 12.00
# Visual Studio 15
VisualStudioVersion = 15.0.28307.1267
MinimumVisualStudioVersion = 10.0.40219.1
Project("{FAE04EC0-301F-11D3-BF4B-00C04F79EFBC}") = "ServerCodeRest_015_MuhammadDzalfiqri", "ServerCodeRest_015_MuhammadDzalfiqri\ServerCodeRest_015_MuhammadDzalfiqri.csproj", "{4D53B742-9876-4833-B765-938F50EA74CE}"
EndProject
Global
	GlobalSection(SolutionConfigurationPlatforms) = preSolution
		Debug|Any CPU = Debug|Any CPU
		Release|Any CPU = Release|Any CPU
	EndGlobalSection
	GlobalSection(ProjectConfigurationPlatforms) = postSolution
		{4D53B742-9876-4833-B765-938F50EA74CE}.Debug|Any CPU.ActiveCfg = Debug|Any CPU
		{4D53B742-9876-4833-B765-938F50EA74CE}.Debug|Any CPU.Build.0 = Debug|Any CPU
		{4D53B742-9876-4833-B765-938F50EA74CE}.Release|Any CPU.ActiveCfg = Release|Any CPU
		{4D53B742-9876-4833-B765-938F50EA74CE}.Release|Any CPU.Build.0 = Release|Any CPU
	EndGlobalSection
	GlobalSection(SolutionProperties) = preSolution
		HideSolutionNode = FALSE
	EndGlobalSection
	GlobalSection(ExtensibilityGlobals) = postSolution
		SolutionGuid = {F40D7746-673A-4C48-9CDD-116577AD50C0}
	EndGlobalSection
EndGlobal
